
Microsoft Visual Studio Solution File, Format Version 12.00
# Visual Studio Version 17
VisualStudioVersion = 17.14.36414.22
MinimumVisualStudioVersion = 10.0.40219.1
Project("{FAE04EC0-301F-11D3-BF4B-00C04F79EFBC}") = "EnergyMonitor", "EnergyMonitor\EnergyMonitor.csproj", "{14757240-AEF2-4646-8818-0D5CB346C967}"
EndProject
Project("{FAE04EC0-301F-11D3-BF4B-00C04F79EFBC}") = "EnergyMonitor.Agent", "EnergyMonitor.Agent\EnergyMonitor.Agent.csproj", "{79578E37-B01D-4289-BF5A-CAE2B4EB62BA}"
EndProject
Global
	GlobalSection(SolutionConfigurationPlatforms) = preSolution
		Debug|Any CPU = Debug|Any CPU
		Release|Any CPU = Release|Any CPU
	EndGlobalSection
	GlobalSection(ProjectConfigurationPlatforms) = postSolution
		{14757240-AEF2-4646-8818-0D5CB346C967}.Debug|Any CPU.ActiveCfg = Debug|Any CPU
		{14757240-AEF2-4646-8818-0D5CB346C967}.Debug|Any CPU.Build.0 = Debug|Any CPU
		{14757240-AEF2-4646-8818-0D5CB346C967}.Release|Any CPU.ActiveCfg = Release|Any CPU
		{14757240-AEF2-4646-8818-0D5CB346C967}.Release|Any CPU.Build.0 = Release|Any CPU
		{79578E37-B01D-4289-BF5A-CAE2B4EB62BA}.Debug|Any CPU.ActiveCfg = Debug|Any CPU
		{79578E37-B01D-4289-BF5A-CAE2B4EB62BA}.Debug|Any CPU.Build.0 = Debug|Any CPU
		{79578E37-B01D-4289-BF5A-CAE2B4EB62BA}.Release|Any CPU.ActiveCfg = Release|Any CPU
		{79578E37-B01D-4289-BF5A-CAE2B4EB62BA}.Release|Any CPU.Build.0 = Release|Any CPU
	EndGlobalSection
	GlobalSection(SolutionProperties) = preSolution
		HideSolutionNode = FALSE
	EndGlobalSection
	GlobalSection(ExtensibilityGlobals) = postSolution
		SolutionGuid = {1DDB53F0-679A-4384-8586-8619AB6E010C}
	EndGlobalSection
EndGlobal
